
Microsoft Visual Studio Solution File, Format Version 9.00
# Visual Studio 2005
Project("{8BC9CEB8-8B4A-11D0-8D11-00A0C91BC942}") = "Aoi32", "Aoi32\Aoi32.vcproj", "{6BFD6BEA-0B1B-4F82-94C5-24D9F1D73AD2}"
EndProject
Project("{54435603-DBB4-11D2-8724-00A0C9A8B90C}") = "Aoi32Setup", "Aoi32Setup\Aoi32Setup.vdproj", "{B769B580-C5BC-494D-93F0-9AE4A99FDA9D}"
EndProject
Global
	GlobalSection(SolutionConfigurationPlatforms) = preSolution
		Debug|Win32 = Debug|Win32
		Release|Win32 = Release|Win32
	EndGlobalSection
	GlobalSection(ProjectConfigurationPlatforms) = postSolution
		{6BFD6BEA-0B1B-4F82-94C5-24D9F1D73AD2}.Debug|Win32.ActiveCfg = Debug|Win32
		{6BFD6BEA-0B1B-4F82-94C5-24D9F1D73AD2}.Debug|Win32.Build.0 = Debug|Win32
		{6BFD6BEA-0B1B-4F82-94C5-24D9F1D73AD2}.Release|Win32.ActiveCfg = Release|Win32
		{6BFD6BEA-0B1B-4F82-94C5-24D9F1D73AD2}.Release|Win32.Build.0 = Release|Win32
		{B769B580-C5BC-494D-93F0-9AE4A99FDA9D}.Debug|Win32.ActiveCfg = Debug
		{B769B580-C5BC-494D-93F0-9AE4A99FDA9D}.Debug|Win32.Build.0 = Debug
		{B769B580-C5BC-494D-93F0-9AE4A99FDA9D}.Release|Win32.ActiveCfg = Release
		{B769B580-C5BC-494D-93F0-9AE4A99FDA9D}.Release|Win32.Build.0 = Release
	EndGlobalSection
	GlobalSection(SolutionProperties) = preSolution
		HideSolutionNode = FALSE
	EndGlobalSection
EndGlobal
